Microsoft Visual Studio Solution File, Format Version 11.00
# Visual Studio 2008

Project("{6A2EEED0-2F44-4677-FFC0-24E874FB4930}") = "JogoDaSucan", "Assembly-CSharp-vs.csproj", "{A5FFA7B7-0712-15ED-0EFE-76E80F5142A7}"
EndProject
Global
	GlobalSection(SolutionConfigurationPlatforms) = preSolution
		Debug|Any CPU = Debug|Any CPU
		Release|Any CPU = Release|Any CPU
	EndGlobalSection
	GlobalSection(ProjectConfigurationPlatforms) = postSolution
		{A5FFA7B7-0712-15ED-0EFE-76E80F5142A7}.Debug|Any CPU.ActiveCfg = Debug|Any CPU
		{A5FFA7B7-0712-15ED-0EFE-76E80F5142A7}.Debug|Any CPU.Build.0 = Debug|Any CPU
		{A5FFA7B7-0712-15ED-0EFE-76E80F5142A7}.Release|Any CPU.ActiveCfg = Release|Any CPU
		{A5FFA7B7-0712-15ED-0EFE-76E80F5142A7}.Release|Any CPU.Build.0 = Release|Any CPU
	EndGlobalSection
	GlobalSection(SolutionProperties) = preSolution
		HideSolutionNode = FALSE
	EndGlobalSection
																		GlobalSection(MonoDevelopProperties) = preSolution
		StartupItem = Assembly-CSharp.csproj
		Policies = $0
		$0.TextStylePolicy = $1
		$1.inheritsSet = null
		$1.scope = text/x-csharp
		$0.CSharpFormattingPolicy = $2
		$2.inheritsSet = Mono
		$2.inheritsScope = text/x-csharp
		$2.scope = text/x-csharp
		$0.TextStylePolicy = $3
		$3.FileWidth = 120
		$3.TabWidth = 4
		$3.IndentWidth = 4
		$3.EolMarker = Unix
		$3.inheritsSet = Mono
		$3.inheritsScope = text/plain
		$3.scope = text/plain
	EndGlobalSection

EndGlobal
